
Microsoft Visual Studio Solution File, Format Version 12.00
# Visual Studio Version 17
VisualStudioVersion = 17.0.31903.59
MinimumVisualStudioVersion = 10.0.40219.1
Project("{2150E333-8FDC-42A3-9474-1A3956D46DE8}") = "src", "src", "{827E0CD3-B72D-47B6-A68D-7590B98EB39B}"
EndProject
Project("{FAE04EC0-301F-11D3-BF4B-00C04F79EFBC}") = "Travelport.Domain", "src\Travelport.Domain\Travelport.Domain.csproj", "{C764EF9D-0161-49F9-998C-E52DBE508BC8}"
EndProject
Project("{FAE04EC0-301F-11D3-BF4B-00C04F79EFBC}") = "Travelport.Application", "src\Travelport.Application\Travelport.Application.csproj", "{E7714F47-A3A3-45C1-832D-260E979F46B1}"
EndProject
Project("{FAE04EC0-301F-11D3-BF4B-00C04F79EFBC}") = "Travelport.Infrastructure", "src\Travelport.Infrastructure\Travelport.Infrastructure.csproj", "{A78AF67B-3FD6-4ECD-8A13-83024F2C8ABF}"
EndProject
Project("{FAE04EC0-301F-11D3-BF4B-00C04F79EFBC}") = "Travelport.API", "src\Travelport.API\Travelport.API.csproj", "{80FB9D83-ACCB-421B-BD8E-07D97C76BE24}"
EndProject
Project("{2150E333-8FDC-42A3-9474-1A3956D46DE8}") = "tests", "tests", "{0AB3BF05-4346-4AA6-1389-037BE0695223}"
EndProject
Project("{FAE04EC0-301F-11D3-BF4B-00C04F79EFBC}") = "Travelport.Tests", "tests\Travelport.Tests\Travelport.Tests.csproj", "{5326CB85-A7D8-4CA3-B20E-EC0F2FA158B1}"
EndProject
Global
	GlobalSection(SolutionConfigurationPlatforms) = preSolution
		Debug|Any CPU = Debug|Any CPU
		Debug|x64 = Debug|x64
		Debug|x86 = Debug|x86
		Release|Any CPU = Release|Any CPU
		Release|x64 = Release|x64
		Release|x86 = Release|x86
	EndGlobalSection
	GlobalSection(ProjectConfigurationPlatforms) = postSolution
		{C764EF9D-0161-49F9-998C-E52DBE508BC8}.Debug|Any CPU.ActiveCfg = Debug|Any CPU
		{C764EF9D-0161-49F9-998C-E52DBE508BC8}.Debug|Any CPU.Build.0 = Debug|Any CPU
		{C764EF9D-0161-49F9-998C-E52DBE508BC8}.Debug|x64.ActiveCfg = Debug|Any CPU
		{C764EF9D-0161-49F9-998C-E52DBE508BC8}.Debug|x64.Build.0 = Debug|Any CPU
		{C764EF9D-0161-49F9-998C-E52DBE508BC8}.Debug|x86.ActiveCfg = Debug|Any CPU
		{C764EF9D-0161-49F9-998C-E52DBE508BC8}.Debug|x86.Build.0 = Debug|Any CPU
		{C764EF9D-0161-49F9-998C-E52DBE508BC8}.Release|Any CPU.ActiveCfg = Release|Any CPU
		{C764EF9D-0161-49F9-998C-E52DBE508BC8}.Release|Any CPU.Build.0 = Release|Any CPU
		{C764EF9D-0161-49F9-998C-E52DBE508BC8}.Release|x64.ActiveCfg = Release|Any CPU
		{C764EF9D-0161-49F9-998C-E52DBE508BC8}.Release|x64.Build.0 = Release|Any CPU
		{C764EF9D-0161-49F9-998C-E52DBE508BC8}.Release|x86.ActiveCfg = Release|Any CPU
		{C764EF9D-0161-49F9-998C-E52DBE508BC8}.Release|x86.Build.0 = Release|Any CPU
		{E7714F47-A3A3-45C1-832D-260E979F46B1}.Debug|Any CPU.ActiveCfg = Debug|Any CPU
		{E7714F47-A3A3-45C1-832D-260E979F46B1}.Debug|Any CPU.Build.0 = Debug|Any CPU
		{E7714F47-A3A3-45C1-832D-260E979F46B1}.Debug|x64.ActiveCfg = Debug|Any CPU
		{E7714F47-A3A3-45C1-832D-260E979F46B1}.Debug|x64.Build.0 = Debug|Any CPU
		{E7714F47-A3A3-45C1-832D-260E979F46B1}.Debug|x86.ActiveCfg = Debug|Any CPU
		{E7714F47-A3A3-45C1-832D-260E979F46B1}.Debug|x86.Build.0 = Debug|Any CPU
		{E7714F47-A3A3-45C1-832D-260E979F46B1}.Release|Any CPU.ActiveCfg = Release|Any CPU
		{E7714F47-A3A3-45C1-832D-260E979F46B1}.Release|Any CPU.Build.0 = Release|Any CPU
		{E7714F47-A3A3-45C1-832D-260E979F46B1}.Release|x64.ActiveCfg = Release|Any CPU
		{E7714F47-A3A3-45C1-832D-260E979F46B1}.Release|x64.Build.0 = Release|Any CPU
		{E7714F47-A3A3-45C1-832D-260E979F46B1}.Release|x86.ActiveCfg = Release|Any CPU
		{E7714F47-A3A3-45C1-832D-260E979F46B1}.Release|x86.Build.0 = Release|Any CPU
		{A78AF67B-3FD6-4ECD-8A13-83024F2C8ABF}.Debug|Any CPU.ActiveCfg = Debug|Any CPU
		{A78AF67B-3FD6-4ECD-8A13-83024F2C8ABF}.Debug|Any CPU.Build.0 = Debug|Any CPU
		{A78AF67B-3FD6-4ECD-8A13-83024F2C8ABF}.Debug|x64.ActiveCfg = Debug|Any CPU
		{A78AF67B-3FD6-4ECD-8A13-83024F2C8ABF}.Debug|x64.Build.0 = Debug|Any CPU
		{A78AF67B-3FD6-4ECD-8A13-83024F2C8ABF}.Debug|x86.ActiveCfg = Debug|Any CPU
		{A78AF67B-3FD6-4ECD-8A13-83024F2C8ABF}.Debug|x86.Build.0 = Debug|Any CPU
		{A78AF67B-3FD6-4ECD-8A13-83024F2C8ABF}.Release|Any CPU.ActiveCfg = Release|Any CPU
		{A78AF67B-3FD6-4ECD-8A13-83024F2C8ABF}.Release|Any CPU.Build.0 = Release|Any CPU
		{A78AF67B-3FD6-4ECD-8A13-83024F2C8ABF}.Release|x64.ActiveCfg = Release|Any CPU
		{A78AF67B-3FD6-4ECD-8A13-83024F2C8ABF}.Release|x64.Build.0 = Release|Any CPU
		{A78AF67B-3FD6-4ECD-8A13-83024F2C8ABF}.Release|x86.ActiveCfg = Release|Any CPU
		{A78AF67B-3FD6-4ECD-8A13-83024F2C8ABF}.Release|x86.Build.0 = Release|Any CPU
		{80FB9D83-ACCB-421B-BD8E-07D97C76BE24}.Debug|Any CPU.ActiveCfg = Debug|Any CPU
		{80FB9D83-ACCB-421B-BD8E-07D97C76BE24}.Debug|Any CPU.Build.0 = Debug|Any CPU
		{80FB9D83-ACCB-421B-BD8E-07D97C76BE24}.Debug|x64.ActiveCfg = Debug|Any CPU
		{80FB9D83-ACCB-421B-BD8E-07D97C76BE24}.Debug|x64.Build.0 = Debug|Any CPU
		{80FB9D83-ACCB-421B-BD8E-07D97C76BE24}.Debug|x86.ActiveCfg = Debug|Any CPU
		{80FB9D83-ACCB-421B-BD8E-07D97C76BE24}.Debug|x86.Build.0 = Debug|Any CPU
		{80FB9D83-ACCB-421B-BD8E-07D97C76BE24}.Release|Any CPU.ActiveCfg = Release|Any CPU
		{80FB9D83-ACCB-421B-BD8E-07D97C76BE24}.Release|Any CPU.Build.0 = Release|Any CPU
		{80FB9D83-ACCB-421B-BD8E-07D97C76BE24}.Release|x64.ActiveCfg = Release|Any CPU
		{80FB9D83-ACCB-421B-BD8E-07D97C76BE24}.Release|x64.Build.0 = Release|Any CPU
		{80FB9D83-ACCB-421B-BD8E-07D97C76BE24}.Release|x86.ActiveCfg = Release|Any CPU
		{80FB9D83-ACCB-421B-BD8E-07D97C76BE24}.Release|x86.Build.0 = Release|Any CPU
		{5326CB85-A7D8-4CA3-B20E-EC0F2FA158B1}.Debug|Any CPU.ActiveCfg = Debug|Any CPU
		{5326CB85-A7D8-4CA3-B20E-EC0F2FA158B1}.Debug|Any CPU.Build.0 = Debug|Any CPU
		{5326CB85-A7D8-4CA3-B20E-EC0F2FA158B1}.Debug|x64.ActiveCfg = Debug|Any CPU
		{5326CB85-A7D8-4CA3-B20E-EC0F2FA158B1}.Debug|x64.Build.0 = Debug|Any CPU
		{5326CB85-A7D8-4CA3-B20E-EC0F2FA158B1}.Debug|x86.ActiveCfg = Debug|Any CPU
		{5326CB85-A7D8-4CA3-B20E-EC0F2FA158B1}.Debug|x86.Build.0 = Debug|Any CPU
		{5326CB85-A7D8-4CA3-B20E-EC0F2FA158B1}.Release|Any CPU.ActiveCfg = Release|Any CPU
		{5326CB85-A7D8-4CA3-B20E-EC0F2FA158B1}.Release|Any CPU.Build.0 = Release|Any CPU
		{5326CB85-A7D8-4CA3-B20E-EC0F2FA158B1}.Release|x64.ActiveCfg = Release|Any CPU
		{5326CB85-A7D8-4CA3-B20E-EC0F2FA158B1}.Release|x64.Build.0 = Release|Any CPU
		{5326CB85-A7D8-4CA3-B20E-EC0F2FA158B1}.Release|x86.ActiveCfg = Release|Any CPU
		{5326CB85-A7D8-4CA3-B20E-EC0F2FA158B1}.Release|x86.Build.0 = Release|Any CPU
	EndGlobalSection
	GlobalSection(SolutionProperties) = preSolution
		HideSolutionNode = FALSE
	EndGlobalSection
	GlobalSection(NestedProjects) = preSolution
		{C764EF9D-0161-49F9-998C-E52DBE508BC8} = {827E0CD3-B72D-47B6-A68D-7590B98EB39B}
		{E7714F47-A3A3-45C1-832D-260E979F46B1} = {827E0CD3-B72D-47B6-A68D-7590B98EB39B}
		{A78AF67B-3FD6-4ECD-8A13-83024F2C8ABF} = {827E0CD3-B72D-47B6-A68D-7590B98EB39B}
		{80FB9D83-ACCB-421B-BD8E-07D97C76BE24} = {827E0CD3-B72D-47B6-A68D-7590B98EB39B}
		{5326CB85-A7D8-4CA3-B20E-EC0F2FA158B1} = {0AB3BF05-4346-4AA6-1389-037BE0695223}
	EndGlobalSection
EndGlobal
